
Microsoft Visual Studio Solution File, Format Version 12.00
# Visual Studio 14
VisualStudioVersion = 14.0.23107.0
MinimumVisualStudioVersion = 10.0.40219.1
Project("{F184B08F-C81C-45F6-A57F-5ABD9991F28F}") = "WTFKeyboard", "WTFKeyboard\WTFKeyboard.vbproj", "{1E994511-C6AA-45D9-B0B6-EC2B967F720B}"
EndProject
Global
	GlobalSection(SolutionConfigurationPlatforms) = preSolution
		Debug|Any CPU = Debug|Any CPU
		Release|Any CPU = Release|Any CPU
	EndGlobalSection
	GlobalSection(ProjectConfigurationPlatforms) = postSolution
		{1E994511-C6AA-45D9-B0B6-EC2B967F720B}.Debug|Any CPU.ActiveCfg = Debug|Any CPU
		{1E994511-C6AA-45D9-B0B6-EC2B967F720B}.Debug|Any CPU.Build.0 = Debug|Any CPU
		{1E994511-C6AA-45D9-B0B6-EC2B967F720B}.Release|Any CPU.ActiveCfg = Release|Any CPU
		{1E994511-C6AA-45D9-B0B6-EC2B967F720B}.Release|Any CPU.Build.0 = Release|Any CPU
	EndGlobalSection
	GlobalSection(SolutionProperties) = preSolution
		HideSolutionNode = FALSE
	EndGlobalSection
EndGlobal
